
Microsoft Visual Studio Solution File, Format Version 12.00
# Visual Studio Version 17
VisualStudioVersion = 17.0.32014.148
MinimumVisualStudioVersion = 10.0.40219.1
Project("{9A19103F-16F7-4668-BE54-9A1E7A4F7556}") = "MovieWebApp", "MovieWebApp\MovieWebApp.csproj", "{39912ECC-C684-4DE0-8C38-92EF98D91250}"
EndProject
Global
	GlobalSection(SolutionConfigurationPlatforms) = preSolution
		Debug|Any CPU = Debug|Any CPU
		Release|Any CPU = Release|Any CPU
	EndGlobalSection
	GlobalSection(ProjectConfigurationPlatforms) = postSolution
		{39912ECC-C684-4DE0-8C38-92EF98D91250}.Debug|Any CPU.ActiveCfg = Debug|Any CPU
		{39912ECC-C684-4DE0-8C38-92EF98D91250}.Debug|Any CPU.Build.0 = Debug|Any CPU
		{39912ECC-C684-4DE0-8C38-92EF98D91250}.Release|Any CPU.ActiveCfg = Release|Any CPU
		{39912ECC-C684-4DE0-8C38-92EF98D91250}.Release|Any CPU.Build.0 = Release|Any CPU
	EndGlobalSection
	GlobalSection(SolutionProperties) = preSolution
		HideSolutionNode = FALSE
	EndGlobalSection
	GlobalSection(ExtensibilityGlobals) = postSolution
		SolutionGuid = {83D74D3A-872B-47AF-8AA6-E2F33976A3E7}
	EndGlobalSection
EndGlobal
